
Microsoft Visual Studio Solution File, Format Version 12.00
# Visual Studio Version 17
VisualStudioVersion = 17.11.35222.181
MinimumVisualStudioVersion = 10.0.40219.1
Project("{FAE04EC0-301F-11D3-BF4B-00C04F79EFBC}") = "PlantelRugbyInfantil_AsistenciaWeb", "PlantelRugbyInfantil_AsistenciaWeb\PlantelRugbyInfantil_AsistenciaWeb.csproj", "{9E8A4510-D8B0-4B57-BC1E-69BA8AA88CB2}"
EndProject
Project("{FAE04EC0-301F-11D3-BF4B-00C04F79EFBC}") = "PlantelRugbyInfantil_AsistenciaWeb.Client", "PlantelRugbyInfantil_AsistenciaWeb.Client\PlantelRugbyInfantil_AsistenciaWeb.Client.csproj", "{D942B4DE-16BE-4AC0-B505-4F86E516FE4F}"
EndProject
Global
	GlobalSection(SolutionConfigurationPlatforms) = preSolution
		Debug|Any CPU = Debug|Any CPU
		Release|Any CPU = Release|Any CPU
	EndGlobalSection
	GlobalSection(ProjectConfigurationPlatforms) = postSolution
		{9E8A4510-D8B0-4B57-BC1E-69BA8AA88CB2}.Debug|Any CPU.ActiveCfg = Debug|Any CPU
		{9E8A4510-D8B0-4B57-BC1E-69BA8AA88CB2}.Debug|Any CPU.Build.0 = Debug|Any CPU
		{9E8A4510-D8B0-4B57-BC1E-69BA8AA88CB2}.Release|Any CPU.ActiveCfg = Release|Any CPU
		{9E8A4510-D8B0-4B57-BC1E-69BA8AA88CB2}.Release|Any CPU.Build.0 = Release|Any CPU
		{D942B4DE-16BE-4AC0-B505-4F86E516FE4F}.Debug|Any CPU.ActiveCfg = Debug|Any CPU
		{D942B4DE-16BE-4AC0-B505-4F86E516FE4F}.Debug|Any CPU.Build.0 = Debug|Any CPU
		{D942B4DE-16BE-4AC0-B505-4F86E516FE4F}.Release|Any CPU.ActiveCfg = Release|Any CPU
		{D942B4DE-16BE-4AC0-B505-4F86E516FE4F}.Release|Any CPU.Build.0 = Release|Any CPU
	EndGlobalSection
	GlobalSection(SolutionProperties) = preSolution
		HideSolutionNode = FALSE
	EndGlobalSection
	GlobalSection(ExtensibilityGlobals) = postSolution
		SolutionGuid = {8F422737-A00D-4CDC-BBA9-ECD681F00926}
	EndGlobalSection
EndGlobal
